// !$*UTF8*$!
{
	archiveVersion = 1;
	classes = {
	};
	objectVersion = 56;
	objects = {

/* Begin PBXBuildFile section */
		730CF9BF120A5750FC37F58C /* Pods_MVVMRxSwiftTutorial.framework in Frameworks */ = {isa = PBXBuildFile; fileRef = 5807A31D7BE1F6FB29EC23CD /* Pods_MVVMRxSwiftTutorial.framework */; };
		DD0E469A29C426B700366F07 /* Coordinator.swift in Sources */ = {isa = PBXBuildFile; fileRef = DD0E469929C426B700366F07 /* Coordinator.swift */; };
		DD3E802E29C42BB4001860AD /* Article.swift in Sources */ = {isa = PBXBuildFile; fileRef = DD3E802D29C42BB4001860AD /* Article.swift */; };
		DD3E803129C42E6B001860AD /* ArticleService.swift in Sources */ = {isa = PBXBuildFile; fileRef = DD3E803029C42E6B001860AD /* ArticleService.swift */; };
		DD3E803429C4398B001860AD /* RootViewModel.swift in Sources */ = {isa = PBXBuildFile; fileRef = DD3E803329C4398B001860AD /* RootViewModel.swift */; };
		DD3E803629C44C52001860AD /* ArticleViewModel.swift in Sources */ = {isa = PBXBuildFile; fileRef = DD3E803529C44C52001860AD /* ArticleViewModel.swift */; };
		DD3E803929C46463001860AD /* ArticleCollectionViewCell.swift in Sources */ = {isa = PBXBuildFile; fileRef = DD3E803829C46463001860AD /* ArticleCollectionViewCell.swift */; };
		E5A2AC3F29C40BB800257E67 /* AppDelegate.swift in Sources */ = {isa = PBXBuildFile; fileRef = E5A2AC3E29C40BB700257E67 /* AppDelegate.swift */; };
		E5A2AC4129C40BB800257E67 /* SceneDelegate.swift in Sources */ = {isa = PBXBuildFile; fileRef = E5A2AC4029C40BB800257E67 /* SceneDelegate.swift */; };
		E5A2AC4829C40BB800257E67 /* Assets.xcassets in Resources */ = {isa = PBXBuildFile; fileRef = E5A2AC4729C40BB800257E67 /* Assets.xcassets */; };
		E5A2AC4B29C40BB800257E67 /* LaunchScreen.storyboard in Resources */ = {isa = PBXBuildFile; fileRef = E5A2AC4929C40BB800257E67 /* LaunchScreen.storyboard */; };
		E5A2AC5429C40C4C00257E67 /* RootViewController.swift in Sources */ = {isa = PBXBuildFile; fileRef = E5A2AC5329C40C4C00257E67 /* RootViewController.swift */; };
/* End PBXBuildFile section */

/* Begin PBXFileReference section */
		5807A31D7BE1F6FB29EC23CD /* Pods_MVVMRxSwiftTutorial.framework */ = {isa = PBXFileReference; explicitFileType = wrapper.framework; includeInIndex = 0; path = Pods_MVVMRxSwiftTutorial.framework; sourceTree = BUILT_PRODUCTS_DIR; };
		942DD3ED1D9FF8AAAAAEED74 /* Pods-MVVMRxSwiftTutorial.debug.xcconfig */ = {isa = PBXFileReference; includeInIndex = 1; lastKnownFileType = text.xcconfig; name = "Pods-MVVMRxSwiftTutorial.debug.xcconfig"; path = "Target Support Files/Pods-MVVMRxSwiftTutorial/Pods-MVVMRxSwiftTutorial.debug.xcconfig"; sourceTree = "<group>"; };
		AF7E1E76F9037C4BFE65F6EE /* Pods-MVVMRxSwiftTutorial.release.xcconfig */ = {isa = PBXFileReference; includeInIndex = 1; lastKnownFileType = text.xcconfig; name = "Pods-MVVMRxSwiftTutorial.release.xcconfig"; path = "Target Support Files/Pods-MVVMRxSwiftTutorial/Pods-MVVMRxSwiftTutorial.release.xcconfig"; sourceTree = "<group>"; };
		DD0E469929C426B700366F07 /* Coordinator.swift */ = {isa = PBXFileReference; lastKnownFileType = sourcecode.swift; path = Coordinator.swift; sourceTree = "<group>"; };
		DD3E802D29C42BB4001860AD /* Article.swift */ = {isa = PBXFileReference; lastKnownFileType = sourcecode.swift; path = Article.swift; sourceTree = "<group>"; };
		DD3E803029C42E6B001860AD /* ArticleService.swift */ = {isa = PBXFileReference; lastKnownFileType = sourcecode.swift; path = ArticleService.swift; sourceTree = "<group>"; };
		DD3E803329C4398B001860AD /* RootViewModel.swift */ = {isa = PBXFileReference; lastKnownFileType = sourcecode.swift; path = RootViewModel.swift; sourceTree = "<group>"; };
		DD3E803529C44C52001860AD /* ArticleViewModel.swift */ = {isa = PBXFileReference; lastKnownFileType = sourcecode.swift; path = ArticleViewModel.swift; sourceTree = "<group>"; };
		DD3E803829C46463001860AD /* ArticleCollectionViewCell.swift */ = {isa = PBXFileReference; lastKnownFileType = sourcecode.swift; path = ArticleCollectionViewCell.swift; sourceTree = "<group>"; };
		E5A2AC3B29C40BB700257E67 /* MVVMRxSwiftTutorial.app */ = {isa = PBXFileReference; explicitFileType = wrapper.application; includeInIndex = 0; path = MVVMRxSwiftTutorial.app; sourceTree = BUILT_PRODUCTS_DIR; };
		E5A2AC3E29C40BB700257E67 /* AppDelegate.swift */ = {isa = PBXFileReference; lastKnownFileType = sourcecode.swift; path = AppDelegate.swift; sourceTree = "<group>"; };
		E5A2AC4029C40BB800257E67 /* SceneDelegate.swift */ = {isa = PBXFileReference; lastKnownFileType = sourcecode.swift; path = SceneDelegate.swift; sourceTree = "<group>"; };
		E5A2AC4729C40BB800257E67 /* Assets.xcassets */ = {isa = PBXFileReference; lastKnownFileType = folder.assetcatalog; path = Assets.xcassets; sourceTree = "<group>"; };
		E5A2AC4A29C40BB800257E67 /* Base */ = {isa = PBXFileReference; lastKnownFileType = file.storyboard; name = Base; path = Base.lproj/LaunchScreen.storyboard; sourceTree = "<group>"; };
		E5A2AC4C29C40BB800257E67 /* Info.plist */ = {isa = PBXFileReference; lastKnownFileType = text.plist.xml; path = Info.plist; sourceTree = "<group>"; };
		E5A2AC5329C40C4C00257E67 /* RootViewController.swift */ = {isa = PBXFileReference; lastKnownFileType = sourcecode.swift; path = RootViewController.swift; sourceTree = "<group>"; };
/* End PBXFileReference section */

/* Begin PBXFrameworksBuildPhase section */
		E5A2AC3829C40BB700257E67 /* Frameworks */ = {
			isa = PBXFrameworksBuildPhase;
			buildActionMask = 2147483647;
			files = (
				730CF9BF120A5750FC37F58C /* Pods_MVVMRxSwiftTutorial.framework in Frameworks */,
			);
			runOnlyForDeploymentPostprocessing = 0;
		};
/* End PBXFrameworksBuildPhase section */

/* Begin PBXGroup section */
		8922C15B6D37364C5117F216 /* Pods */ = {
			isa = PBXGroup;
			children = (
				942DD3ED1D9FF8AAAAAEED74 /* Pods-MVVMRxSwiftTutorial.debug.xcconfig */,
				AF7E1E76F9037C4BFE65F6EE /* Pods-MVVMRxSwiftTutorial.release.xcconfig */,
			);
			path = Pods;
			sourceTree = "<group>";
		};
		8DEDAC08D0CD34981CA67119 /* Frameworks */ = {
			isa = PBXGroup;
			children = (
				5807A31D7BE1F6FB29EC23CD /* Pods_MVVMRxSwiftTutorial.framework */,
			);
			name = Frameworks;
			sourceTree = "<group>";
		};
		DD3E802C29C42BA7001860AD /* Models */ = {
			isa = PBXGroup;
			children = (
				DD3E802D29C42BB4001860AD /* Article.swift */,
			);
			path = Models;
			sourceTree = "<group>";
		};
		DD3E802F29C42E59001860AD /* Services */ = {
			isa = PBXGroup;
			children = (
				DD3E803029C42E6B001860AD /* ArticleService.swift */,
			);
			path = Services;
			sourceTree = "<group>";
		};
		DD3E803229C43978001860AD /* ViewModels */ = {
			isa = PBXGroup;
			children = (
				DD3E803329C4398B001860AD /* RootViewModel.swift */,
				DD3E803529C44C52001860AD /* ArticleViewModel.swift */,
			);
			path = ViewModels;
			sourceTree = "<group>";
		};
		DD3E803729C46443001860AD /* Views */ = {
			isa = PBXGroup;
			children = (
				DD3E803829C46463001860AD /* ArticleCollectionViewCell.swift */,
			);
			path = Views;
			sourceTree = "<group>";
		};
		E5A2AC3229C40BB700257E67 = {
			isa = PBXGroup;
			children = (
				E5A2AC3D29C40BB700257E67 /* MVVMRxSwiftTutorial */,
				E5A2AC3C29C40BB700257E67 /* Products */,
				8922C15B6D37364C5117F216 /* Pods */,
				8DEDAC08D0CD34981CA67119 /* Frameworks */,
			);
			sourceTree = "<group>";
		};
		E5A2AC3C29C40BB700257E67 /* Products */ = {
			isa = PBXGroup;
			children = (
				E5A2AC3B29C40BB700257E67 /* MVVMRxSwiftTutorial.app */,
			);
			name = Products;
			sourceTree = "<group>";
		};
		E5A2AC3D29C40BB700257E67 /* MVVMRxSwiftTutorial */ = {
			isa = PBXGroup;
			children = (
				DD3E803729C46443001860AD /* Views */,
				DD3E803229C43978001860AD /* ViewModels */,
				DD3E802F29C42E59001860AD /* Services */,
				DD3E802C29C42BA7001860AD /* Models */,
				E5A2AC5229C40C2100257E67 /* Controllers */,
				E5A2AC3E29C40BB700257E67 /* AppDelegate.swift */,
				E5A2AC4029C40BB800257E67 /* SceneDelegate.swift */,
				E5A2AC4729C40BB800257E67 /* Assets.xcassets */,
				E5A2AC4929C40BB800257E67 /* LaunchScreen.storyboard */,
				E5A2AC4C29C40BB800257E67 /* Info.plist */,
				DD0E469929C426B700366F07 /* Coordinator.swift */,
			);
			path = MVVMRxSwiftTutorial;
			sourceTree = "<group>";
		};
		E5A2AC5229C40C2100257E67 /* Controllers */ = {
			isa = PBXGroup;
			children = (
				E5A2AC5329C40C4C00257E67 /* RootViewController.swift */,
			);
			path = Controllers;
			sourceTree = "<group>";
		};
/* End PBXGroup section */

/* Begin PBXNativeTarget section */
		E5A2AC3A29C40BB700257E67 /* MVVMRxSwiftTutorial */ = {
			isa = PBXNativeTarget;
			buildConfigurationList = E5A2AC4F29C40BB800257E67 /* Build configuration list for PBXNativeTarget "MVVMRxSwiftTutorial" */;
			buildPhases = (
				D3EFACEDD104CE8CCF19DEF5 /* [CP] Check Pods Manifest.lock */,
				E5A2AC3729C40BB700257E67 /* Sources */,
				E5A2AC3829C40BB700257E67 /* Frameworks */,
				E5A2AC3929C40BB700257E67 /* Resources */,
				447BFA4D2FEDCA2AE3C639CD /* [CP] Embed Pods Frameworks */,
			);
			buildRules = (
			);
			dependencies = (
			);
			name = MVVMRxSwiftTutorial;
			productName = MVVMRxSwiftTutorial;
			productReference = E5A2AC3B29C40BB700257E67 /* MVVMRxSwiftTutorial.app */;
			productType = "com.apple.product-type.application";
		};
/* End PBXNativeTarget section */

/* Begin PBXProject section */
		E5A2AC3329C40BB700257E67 /* Project object */ = {
			isa = PBXProject;
			attributes = {
				BuildIndependentTargetsInParallel = 1;
				LastSwiftUpdateCheck = 1420;
				LastUpgradeCheck = 1420;
				TargetAttributes = {
					E5A2AC3A29C40BB700257E67 = {
						CreatedOnToolsVersion = 14.2;
					};
				};
			};
			buildConfigurationList = E5A2AC3629C40BB700257E67 /* Build configuration list for PBXProject "MVVMRxSwiftTutorial" */;
			compatibilityVersion = "Xcode 14.0";
			developmentRegion = en;
			hasScannedForEncodings = 0;
			knownRegions = (
				en,
				Base,
			);
			mainGroup = E5A2AC3229C40BB700257E67;
			productRefGroup = E5A2AC3C29C40BB700257E67 /* Products */;
			projectDirPath = "";
			projectRoot = "";
			targets = (
				E5A2AC3A29C40BB700257E67 /* MVVMRxSwiftTutorial */,
			);
		};
/* End PBXProject section */

/* Begin PBXResourcesBuildPhase section */
		E5A2AC3929C40BB700257E67 /* Resources */ = {
			isa = PBXResourcesBuildPhase;
			buildActionMask = 2147483647;
			files = (
				E5A2AC4B29C40BB800257E67 /* LaunchScreen.storyboard in Resources */,
				E5A2AC4829C40BB800257E67 /* Assets.xcassets in Resources */,
			);
			runOnlyForDeploymentPostprocessing = 0;
		};
/* End PBXResourcesBuildPhase section */

/* Begin PBXShellScriptBuildPhase section */
		447BFA4D2FEDCA2AE3C639CD /* [CP] Embed Pods Frameworks */ = {
			isa = PBXShellScriptBuildPhase;
			buildActionMask = 2147483647;
			files = (
			);
			inputFileListPaths = (
				"${PODS_ROOT}/Target Support Files/Pods-MVVMRxSwiftTutorial/Pods-MVVMRxSwiftTutorial-frameworks-${CONFIGURATION}-input-files.xcfilelist",
			);
			name = "[CP] Embed Pods Frameworks";
			outputFileListPaths = (
				"${PODS_ROOT}/Target Support Files/Pods-MVVMRxSwiftTutorial/Pods-MVVMRxSwiftTutorial-frameworks-${CONFIGURATION}-output-files.xcfilelist",
			);
			runOnlyForDeploymentPostprocessing = 0;
			shellPath = /bin/sh;
			shellScript = "\"${PODS_ROOT}/Target Support Files/Pods-MVVMRxSwiftTutorial/Pods-MVVMRxSwiftTutorial-frameworks.sh\"\n";
			showEnvVarsInLog = 0;
		};
		D3EFACEDD104CE8CCF19DEF5 /* [CP] Check Pods Manifest.lock */ = {
			isa = PBXShellScriptBuildPhase;
			buildActionMask = 2147483647;
			files = (
			);
			inputFileListPaths = (
			);
			inputPaths = (
				"${PODS_PODFILE_DIR_PATH}/Podfile.lock",
				"${PODS_ROOT}/Manifest.lock",
			);
			name = "[CP] Check Pods Manifest.lock";
			outputFileListPaths = (
			);
			outputPaths = (
				"$(DERIVED_FILE_DIR)/Pods-MVVMRxSwiftTutorial-checkManifestLockResult.txt",
			);
			runOnlyForDeploymentPostprocessing = 0;
			shellPath = /bin/sh;
			shellScript = "diff \"${PODS_PODFILE_DIR_PATH}/Podfile.lock\" \"${PODS_ROOT}/Manifest.lock\" > /dev/null\nif [ $? != 0 ] ; then\n    # print error to STDERR\n    echo \"error: The sandbox is not in sync with the Podfile.lock. Run 'pod install' or update your CocoaPods installation.\" >&2\n    exit 1\nfi\n# This output is used by Xcode 'outputs' to avoid re-running this script phase.\necho \"SUCCESS\" > \"${SCRIPT_OUTPUT_FILE_0}\"\n";
			showEnvVarsInLog = 0;
		};
/* End PBXShellScriptBuildPhase section */

/* Begin PBXSourcesBuildPhase section */
		E5A2AC3729C40BB700257E67 /* Sources */ = {
			isa = PBXSourcesBuildPhase;
			buildActionMask = 2147483647;
			files = (
				DD0E469A29C426B700366F07 /* Coordinator.swift in Sources */,
				DD3E803629C44C52001860AD /* ArticleViewModel.swift in Sources */,
				DD3E803429C4398B001860AD /* RootViewModel.swift in Sources */,
				DD3E803929C46463001860AD /* ArticleCollectionViewCell.swift in Sources */,
				E5A2AC3F29C40BB800257E67 /* AppDelegate.swift in Sources */,
				DD3E803129C42E6B001860AD /* ArticleService.swift in Sources */,
				E5A2AC4129C40BB800257E67 /* SceneDelegate.swift in Sources */,
				E5A2AC5429C40C4C00257E67 /* RootViewController.swift in Sources */,
				DD3E802E29C42BB4001860AD /* Article.swift in Sources */,
			);
			runOnlyForDeploymentPostprocessing = 0;
		};
/* End PBXSourcesBuildPhase section */

/* Begin PBXVariantGroup section */
		E5A2AC4929C40BB800257E67 /* LaunchScreen.storyboard */ = {
			isa = PBXVariantGroup;
			children = (
				E5A2AC4A29C40BB800257E67 /* Base */,
			);
			name = LaunchScreen.storyboard;
			sourceTree = "<group>";
		};
/* End PBXVariantGroup section */

/* Begin XCBuildConfiguration section */
		E5A2AC4D29C40BB800257E67 /* Debug */ = {
			isa = XCBuildConfiguration;
			buildSettings = {
				ALWAYS_SEARCH_USER_PATHS = NO;
				CLANG_ANALYZER_NONNULL = YES;
				CLANG_ANALYZER_NUMBER_OBJECT_CONVERSION = YES_AGGRESSIVE;
				CLANG_CXX_LANGUAGE_STANDARD = "gnu++20";
				CLANG_ENABLE_MODULES = YES;
				CLANG_ENABLE_OBJC_ARC = YES;
				CLANG_ENABLE_OBJC_WEAK = YES;
				CLANG_WARN_BLOCK_CAPTURE_AUTORELEASING = YES;
				CLANG_WARN_BOOL_CONVERSION = YES;
				CLANG_WARN_COMMA = YES;
				CLANG_WARN_CONSTANT_CONVERSION = YES;
				CLANG_WARN_DEPRECATED_OBJC_IMPLEMENTATIONS = YES;
				CLANG_WARN_DIRECT_OBJC_ISA_USAGE = YES_ERROR;
				CLANG_WARN_DOCUMENTATION_COMMENTS = YES;
				CLANG_WARN_EMPTY_BODY = YES;
				CLANG_WARN_ENUM_CONVERSION = YES;
				CLANG_WARN_INFINITE_RECURSION = YES;
				CLANG_WARN_INT_CONVERSION = YES;
				CLANG_WARN_NON_LITERAL_NULL_CONVERSION = YES;
				CLANG_WARN_OBJC_IMPLICIT_RETAIN_SELF = YES;
				CLANG_WARN_OBJC_LITERAL_CONVERSION = YES;
				CLANG_WARN_OBJC_ROOT_CLASS = YES_ERROR;
				CLANG_WARN_QUOTED_INCLUDE_IN_FRAMEWORK_HEADER = YES;
				CLANG_WARN_RANGE_LOOP_ANALYSIS = YES;
				CLANG_WARN_STRICT_PROTOTYPES = YES;
				CLANG_WARN_SUSPICIOUS_MOVE = YES;
				CLANG_WARN_UNGUARDED_AVAILABILITY = YES_AGGRESSIVE;
				CLANG_WARN_UNREACHABLE_CODE = YES;
				CLANG_WARN__DUPLICATE_METHOD_MATCH = YES;
				COPY_PHASE_STRIP = NO;
				DEBUG_INFORMATION_FORMAT = dwarf;
				ENABLE_STRICT_OBJC_MSGSEND = YES;
				ENABLE_TESTABILITY = YES;
				GCC_C_LANGUAGE_STANDARD = gnu11;
				GCC_DYNAMIC_NO_PIC = NO;
				GCC_NO_COMMON_BLOCKS = YES;
				GCC_OPTIMIZATION_LEVEL = 0;
				GCC_PREPROCESSOR_DEFINITIONS = (
					"DEBUG=1",
					"$(inherited)",
				);
				GCC_WARN_64_TO_32_BIT_CONVERSION = YES;
				GCC_WARN_ABOUT_RETURN_TYPE = YES_ERROR;
				GCC_WARN_UNDECLARED_SELECTOR = YES;
				GCC_WARN_UNINITIALIZED_AUTOS = YES_AGGRESSIVE;
				GCC_WARN_UNUSED_FUNCTION = YES;
				GCC_WARN_UNUSED_VARIABLE = YES;
				IPHONEOS_DEPLOYMENT_TARGET = 16.2;
				MTL_ENABLE_DEBUG_INFO = INCLUDE_SOURCE;
				MTL_FAST_MATH = YES;
				ONLY_ACTIVE_ARCH = YES;
				SDKROOT = iphoneos;
				SWIFT_ACTIVE_COMPILATION_CONDITIONS = DEBUG;
				SWIFT_OPTIMIZATION_LEVEL = "-Onone";
			};
			name = Debug;
		};
		E5A2AC4E29C40BB800257E67 /* Release */ = {
			isa = XCBuildConfiguration;
			buildSettings = {
				ALWAYS_SEARCH_USER_PATHS = NO;
				CLANG_ANALYZER_NONNULL = YES;
				CLANG_ANALYZER_NUMBER_OBJECT_CONVERSION = YES_AGGRESSIVE;
				CLANG_CXX_LANGUAGE_STANDARD = "gnu++20";
				CLANG_ENABLE_MODULES = YES;
				CLANG_ENABLE_OBJC_ARC = YES;
				CLANG_ENABLE_OBJC_WEAK = YES;
				CLANG_WARN_BLOCK_CAPTURE_AUTORELEASING = YES;
				CLANG_WARN_BOOL_CONVERSION = YES;
				CLANG_WARN_COMMA = YES;
				CLANG_WARN_CONSTANT_CONVERSION = YES;
				CLANG_WARN_DEPRECATED_OBJC_IMPLEMENTATIONS = YES;
				CLANG_WARN_DIRECT_OBJC_ISA_USAGE = YES_ERROR;
				CLANG_WARN_DOCUMENTATION_COMMENTS = YES;
				CLANG_WARN_EMPTY_BODY = YES;
				CLANG_WARN_ENUM_CONVERSION = YES;
				CLANG_WARN_INFINITE_RECURSION = YES;
				CLANG_WARN_INT_CONVERSION = YES;
				CLANG_WARN_NON_LITERAL_NULL_CONVERSION = YES;
				CLANG_WARN_OBJC_IMPLICIT_RETAIN_SELF = YES;
				CLANG_WARN_OBJC_LITERAL_CONVERSION = YES;
				CLANG_WARN_OBJC_ROOT_CLASS = YES_ERROR;
				CLANG_WARN_QUOTED_INCLUDE_IN_FRAMEWORK_HEADER = YES;
				CLANG_WARN_RANGE_LOOP_ANALYSIS = YES;
				CLANG_WARN_STRICT_PROTOTYPES = YES;
				CLANG_WARN_SUSPICIOUS_MOVE = YES;
				CLANG_WARN_UNGUARDED_AVAILABILITY = YES_AGGRESSIVE;
				CLANG_WARN_UNREACHABLE_CODE = YES;
				CLANG_WARN__DUPLICATE_METHOD_MATCH = YES;
				COPY_PHASE_STRIP = NO;
				DEBUG_INFORMATION_FORMAT = "dwarf-with-dsym";
				ENABLE_NS_ASSERTIONS = NO;
				ENABLE_STRICT_OBJC_MSGSEND = YES;
				GCC_C_LANGUAGE_STANDARD = gnu11;
				GCC_NO_COMMON_BLOCKS = YES;
				GCC_WARN_64_TO_32_BIT_CONVERSION = YES;
				GCC_WARN_ABOUT_RETURN_TYPE = YES_ERROR;
				GCC_WARN_UNDECLARED_SELECTOR = YES;
				GCC_WARN_UNINITIALIZED_AUTOS = YES_AGGRESSIVE;
				GCC_WARN_UNUSED_FUNCTION = YES;
				GCC_WARN_UNUSED_VARIABLE = YES;
				IPHONEOS_DEPLOYMENT_TARGET = 16.2;
				MTL_ENABLE_DEBUG_INFO = NO;
				MTL_FAST_MATH = YES;
				SDKROOT = iphoneos;
				SWIFT_COMPILATION_MODE = wholemodule;
				SWIFT_OPTIMIZATION_LEVEL = "-O";
				VALIDATE_PRODUCT = YES;
			};
			name = Release;
		};
		E5A2AC5029C40BB800257E67 /* Debug */ = {
			isa = XCBuildConfiguration;
			baseConfigurationReference = 942DD3ED1D9FF8AAAAAEED74 /* Pods-MVVMRxSwiftTutorial.debug.xcconfig */;
			buildSettings = {
				ASSETCATALOG_COMPILER_APPICON_NAME = AppIcon;
				ASSETCATALOG_COMPILER_GLOBAL_ACCENT_COLOR_NAME = AccentColor;
				CODE_SIGN_STYLE = Automatic;
				CURRENT_PROJECT_VERSION = 1;
				DEVELOPMENT_TEAM = Z429BM88YZ;
				GENERATE_INFOPLIST_FILE = YES;
				INFOPLIST_FILE = MVVMRxSwiftTutorial/Info.plist;
				INFOPLIST_KEY_UIApplicationSupportsIndirectInputEvents = YES;
				INFOPLIST_KEY_UILaunchStoryboardName = LaunchScreen;
				INFOPLIST_KEY_UIStatusBarStyle = "";
				INFOPLIST_KEY_UISupportedInterfaceOrientations_iPad = "UIInterfaceOrientationPortrait UIInterfaceOrientationPortraitUpsideDown UIInterfaceOrientationLandscapeLeft UIInterfaceOrientationLandscapeRight";
				INFOPLIST_KEY_UISupportedInterfaceOrientations_iPhone = "UIInterfaceOrientationPortrait UIInterfaceOrientationLandscapeLeft UIInterfaceOrientationLandscapeRight";
				LD_RUNPATH_SEARCH_PATHS = (
					"$(inherited)",
					"@executable_path/Frameworks",
				);
				MARKETING_VERSION = 1.0;
				PRODUCT_BUNDLE_IDENTIFIER = me.jeongkite.MVVMRxSwiftTutorial;
				PRODUCT_NAME = "$(TARGET_NAME)";
				SWIFT_EMIT_LOC_STRINGS = YES;
				SWIFT_VERSION = 5.0;
				TARGETED_DEVICE_FAMILY = "1,2";
			};
			name = Debug;
		};
		E5A2AC5129C40BB800257E67 /* Release */ = {
			isa = XCBuildConfiguration;
			baseConfigurationReference = AF7E1E76F9037C4BFE65F6EE /* Pods-MVVMRxSwiftTutorial.release.xcconfig */;
			buildSettings = {
				ASSETCATALOG_COMPILER_APPICON_NAME = AppIcon;
				ASSETCATALOG_COMPILER_GLOBAL_ACCENT_COLOR_NAME = AccentColor;
				CODE_SIGN_STYLE = Automatic;
				CURRENT_PROJECT_VERSION = 1;
				DEVELOPMENT_TEAM = Z429BM88YZ;
				GENERATE_INFOPLIST_FILE = YES;
				INFOPLIST_FILE = MVVMRxSwiftTutorial/Info.plist;
				INFOPLIST_KEY_UIApplicationSupportsIndirectInputEvents = YES;
				INFOPLIST_KEY_UILaunchStoryboardName = LaunchScreen;
				INFOPLIST_KEY_UIStatusBarStyle = "";
				INFOPLIST_KEY_UISupportedInterfaceOrientations_iPad = "UIInterfaceOrientationPortrait UIInterfaceOrientationPortraitUpsideDown UIInterfaceOrientationLandscapeLeft UIInterfaceOrientationLandscapeRight";
				INFOPLIST_KEY_UISupportedInterfaceOrientations_iPhone = "UIInterfaceOrientationPortrait UIInterfaceOrientationLandscapeLeft UIInterfaceOrientationLandscapeRight";
				LD_RUNPATH_SEARCH_PATHS = (
					"$(inherited)",
					"@executable_path/Frameworks",
				);
				MARKETING_VERSION = 1.0;
				PRODUCT_BUNDLE_IDENTIFIER = me.jeongkite.MVVMRxSwiftTutorial;
				PRODUCT_NAME = "$(TARGET_NAME)";
				SWIFT_EMIT_LOC_STRINGS = YES;
				SWIFT_VERSION = 5.0;
				TARGETED_DEVICE_FAMILY = "1,2";
			};
			name = Release;
		};
/* End XCBuildConfiguration section */

/* Begin XCConfigurationList section */
		E5A2AC3629C40BB700257E67 /* Build configuration list for PBXProject "MVVMRxSwiftTutorial" */ = {
			isa = XCConfigurationList;
			buildConfigurations = (
				E5A2AC4D29C40BB800257E67 /* Debug */,
				E5A2AC4E29C40BB800257E67 /* Release */,
			);
			defaultConfigurationIsVisible = 0;
			defaultConfigurationName = Release;
		};
		E5A2AC4F29C40BB800257E67 /* Build configuration list for PBXNativeTarget "MVVMRxSwiftTutorial" */ = {
			isa = XCConfigurationList;
			buildConfigurations = (
				E5A2AC5029C40BB800257E67 /* Debug */,
				E5A2AC5129C40BB800257E67 /* Release */,
			);
			defaultConfigurationIsVisible = 0;
			defaultConfigurationName = Release;
		};
/* End XCConfigurationList section */
	};
	rootObject = E5A2AC3329C40BB700257E67 /* Project object */;
}
